
Microsoft Visual Studio Solution File, Format Version 12.00
# Visual Studio Version 16
VisualStudioVersion = 16.0.28803.452
MinimumVisualStudioVersion = 10.0.40219.1
Project("{FAE04EC0-301F-11D3-BF4B-00C04F79EFBC}") = "ListBox", "ListBox\ListBox.csproj", "{4371399D-1344-48CF-806A-5821F1507BE1}"
EndProject
Global
	GlobalSection(SolutionConfigurationPlatforms) = preSolution
		Debug|Any CPU = Debug|Any CPU
		Release|Any CPU = Release|Any CPU
	EndGlobalSection
	GlobalSection(ProjectConfigurationPlatforms) = postSolution
		{4371399D-1344-48CF-806A-5821F1507BE1}.Debug|Any CPU.ActiveCfg = Debug|Any CPU
		{4371399D-1344-48CF-806A-5821F1507BE1}.Debug|Any CPU.Build.0 = Debug|Any CPU
		{4371399D-1344-48CF-806A-5821F1507BE1}.Release|Any CPU.ActiveCfg = Release|Any CPU
		{4371399D-1344-48CF-806A-5821F1507BE1}.Release|Any CPU.Build.0 = Release|Any CPU
	EndGlobalSection
	GlobalSection(SolutionProperties) = preSolution
		HideSolutionNode = FALSE
	EndGlobalSection
	GlobalSection(ExtensibilityGlobals) = postSolution
		SolutionGuid = {3B28F7AF-3CBE-4B0F-93D4-3A653E0BAFEE}
	EndGlobalSection
EndGlobal
